hash: c76d46d0ce10506ced6098c44f445ebc8ae3fa5a69085361011fec56597e6ab6
updated: 2017-03-05T12:09:41.38438956Z
imports:
- name: github.com/acidlemon/go-dumper
  version: 30d2ddcbd5c445067be19e69888f10d6f3467ff7
- name: github.com/bgentry/speakeasy
  version: 675b82c74c0ed12283ee81ba8a534c8982c07b85
- name: github.com/fatih/structs
  version: a720dfa8df582c51dee1b36feabb906bde1588bd
- name: github.com/hashicorp/errwrap
  version: 7554cd9344cec97297fa6649b055a8c98c2a1e55
- name: github.com/hashicorp/go-cleanhttp
  version: 3573b8b52aa7b37b9358d966a898feb387f62437
- name: github.com/hashicorp/go-multierror
  version: ed905158d87462226a13fe39ddf685ea65f1c11f
- name: github.com/hashicorp/go-rootcerts
  version: 6bb64b370b90e7ef1fa532be9e591a81c3493e00
- name: github.com/hashicorp/hcl
  version: 372e8ddaa16fd67e371e9323807d056b799360af
  subpackages:
  - hcl/ast
  - hcl/parser
  - hcl/scanner
  - hcl/strconv
  - hcl/token
  - json/parser
  - json/scanner
  - json/token
- name: github.com/hashicorp/vault
  version: ebb798ec1b2c93a4607d44438c6f56438a17b4cc
  subpackages:
  - api
  - helper/compressutil
  - helper/jsonutil
- name: github.com/jaxxstorm/unseal
  version: e2903a250083f9969e4b755d1045df32dc109b64
  subpackages:
  - vault
- name: github.com/mitchellh/go-homedir
  version: b8bc1bf767474819792c23f32d8286a45736f1c6
- name: github.com/mitchellh/mapstructure
  version: db1efb556f84b25a0a13a04aad883943538ad2e0
- name: github.com/sethgrid/pester
  version: 2c5fb962da6113d0968907fd81dba3ca35151d1c
- name: github.com/urfave/cli
  version: 0bdeddeeb0f650497d603c4ad7b20cfe685682f6
- name: golang.org/x/net
  version: 4876518f9e71663000c348837735820161a42df7
  subpackages:
  - http2
  - http2/hpack
testImports: []
